Microsoft Visual Studio Solution File, Format Version 12.00
# Visual Studio Version 17
VisualStudioVersion = 17.5.2.0
MinimumVisualStudioVersion = 10.0.40219.1
Project("{FAE04EC0-301F-11D3-BF4B-00C04F79EFBC}") = "V.O.I.D", "V.O.I.D.csproj", "{24547420-8F76-ADEE-89BE-735C5AEAD408}"
EndProject
Global
	GlobalSection(SolutionConfigurationPlatforms) = preSolution
		Debug|Any CPU = Debug|Any CPU
		Release|Any CPU = Release|Any CPU
	EndGlobalSection
	GlobalSection(ProjectConfigurationPlatforms) = postSolution
		{24547420-8F76-ADEE-89BE-735C5AEAD408}.Debug|Any CPU.ActiveCfg = Debug|Any CPU
		{24547420-8F76-ADEE-89BE-735C5AEAD408}.Debug|Any CPU.Build.0 = Debug|Any CPU
		{24547420-8F76-ADEE-89BE-735C5AEAD408}.Release|Any CPU.ActiveCfg = Release|Any CPU
		{24547420-8F76-ADEE-89BE-735C5AEAD408}.Release|Any CPU.Build.0 = Release|Any CPU
	EndGlobalSection
	GlobalSection(SolutionProperties) = preSolution
		HideSolutionNode = FALSE
	EndGlobalSection
	GlobalSection(ExtensibilityGlobals) = postSolution
		SolutionGuid = {D93A5E7A-FB11-4FDF-B9F5-3DC3286A3731}
	EndGlobalSection
EndGlobal
